
Microsoft Visual Studio Solution File, Format Version 12.00
# Visual Studio Version 17
VisualStudioVersion = 17.8.34322.80
MinimumVisualStudioVersion = 10.0.40219.1
Project("{9A19103F-16F7-4668-BE54-9A1E7A4F7556}") = "HSProject", "HSProject\HSProject.csproj", "{345DC11E-FEC9-44B3-A0B6-7380DFB0D9A8}"
EndProject
Project("{FAE04EC0-301F-11D3-BF4B-00C04F79EFBC}") = "HSProject.Api", "HSProject.Api\HSProject.Api.csproj", "{2D6929BF-B3A0-4BEC-9321-690777BF9942}"
EndProject
Global
	GlobalSection(SolutionConfigurationPlatforms) = preSolution
		Debug|Any CPU = Debug|Any CPU
		Release|Any CPU = Release|Any CPU
	EndGlobalSection
	GlobalSection(ProjectConfigurationPlatforms) = postSolution
		{345DC11E-FEC9-44B3-A0B6-7380DFB0D9A8}.Debug|Any CPU.ActiveCfg = Debug|Any CPU
		{345DC11E-FEC9-44B3-A0B6-7380DFB0D9A8}.Debug|Any CPU.Build.0 = Debug|Any CPU
		{345DC11E-FEC9-44B3-A0B6-7380DFB0D9A8}.Release|Any CPU.ActiveCfg = Release|Any CPU
		{345DC11E-FEC9-44B3-A0B6-7380DFB0D9A8}.Release|Any CPU.Build.0 = Release|Any CPU
		{2D6929BF-B3A0-4BEC-9321-690777BF9942}.Debug|Any CPU.ActiveCfg = Debug|Any CPU
		{2D6929BF-B3A0-4BEC-9321-690777BF9942}.Debug|Any CPU.Build.0 = Debug|Any CPU
		{2D6929BF-B3A0-4BEC-9321-690777BF9942}.Release|Any CPU.ActiveCfg = Release|Any CPU
		{2D6929BF-B3A0-4BEC-9321-690777BF9942}.Release|Any CPU.Build.0 = Release|Any CPU
	EndGlobalSection
	GlobalSection(SolutionProperties) = preSolution
		HideSolutionNode = FALSE
	EndGlobalSection
	GlobalSection(ExtensibilityGlobals) = postSolution
		SolutionGuid = {42E1D9BC-B505-447A-877B-10279A72CC5B}
	EndGlobalSection
EndGlobal
